
Microsoft Visual Studio Solution File, Format Version 12.00
# Visual Studio Version 17
VisualStudioVersion = 17.9.34616.47
MinimumVisualStudioVersion = 10.0.40219.1
Project("{8BC9CEB8-8B4A-11D0-8D11-00A0C91BC942}") = "Trabalho - Cadastro", "Trabalho - Cadastro\Trabalho - Cadastro.vcxproj", "{1BF50A2E-79C0-4DB3-B54A-A321475B3C18}"
EndProject
Global
	GlobalSection(SolutionConfigurationPlatforms) = preSolution
		Debug|x64 = Debug|x64
		Debug|x86 = Debug|x86
		Release|x64 = Release|x64
		Release|x86 = Release|x86
	EndGlobalSection
	GlobalSection(ProjectConfigurationPlatforms) = postSolution
		{1BF50A2E-79C0-4DB3-B54A-A321475B3C18}.Debug|x64.ActiveCfg = Debug|x64
		{1BF50A2E-79C0-4DB3-B54A-A321475B3C18}.Debug|x64.Build.0 = Debug|x64
		{1BF50A2E-79C0-4DB3-B54A-A321475B3C18}.Debug|x86.ActiveCfg = Debug|Win32
		{1BF50A2E-79C0-4DB3-B54A-A321475B3C18}.Debug|x86.Build.0 = Debug|Win32
		{1BF50A2E-79C0-4DB3-B54A-A321475B3C18}.Release|x64.ActiveCfg = Release|x64
		{1BF50A2E-79C0-4DB3-B54A-A321475B3C18}.Release|x64.Build.0 = Release|x64
		{1BF50A2E-79C0-4DB3-B54A-A321475B3C18}.Release|x86.ActiveCfg = Release|Win32
		{1BF50A2E-79C0-4DB3-B54A-A321475B3C18}.Release|x86.Build.0 = Release|Win32
	EndGlobalSection
	GlobalSection(SolutionProperties) = preSolution
		HideSolutionNode = FALSE
	EndGlobalSection
	GlobalSection(ExtensibilityGlobals) = postSolution
		SolutionGuid = {0DDD7086-9D9E-47B9-8A5D-0EC66708766D}
	EndGlobalSection
EndGlobal
